
Microsoft Visual Studio Solution File, Format Version 12.00
# Visual Studio Version 16
VisualStudioVersion = 16.0.33027.164
MinimumVisualStudioVersion = 10.0.40219.1
Project("{9A19103F-16F7-4668-BE54-9A1E7A4F7556}") = "Stratis.CodeAnalysis.Cs.GuiTestProject1", "Stratis.CodeAnalysis.Cs.GuiTestProject1\Stratis.CodeAnalysis.Cs.GuiTestProject1.csproj", "{521E2044-2186-4467-B271-B86CACFC6C0F}"
EndProject
Global
	GlobalSection(SolutionConfigurationPlatforms) = preSolution
		Debug|Any CPU = Debug|Any CPU
		Release|Any CPU = Release|Any CPU
	EndGlobalSection
	GlobalSection(ProjectConfigurationPlatforms) = postSolution
		{521E2044-2186-4467-B271-B86CACFC6C0F}.Debug|Any CPU.ActiveCfg = Debug|Any CPU
		{521E2044-2186-4467-B271-B86CACFC6C0F}.Debug|Any CPU.Build.0 = Debug|Any CPU
		{521E2044-2186-4467-B271-B86CACFC6C0F}.Release|Any CPU.ActiveCfg = Release|Any CPU
		{521E2044-2186-4467-B271-B86CACFC6C0F}.Release|Any CPU.Build.0 = Release|Any CPU
	EndGlobalSection
	GlobalSection(SolutionProperties) = preSolution
		HideSolutionNode = FALSE
	EndGlobalSection
	GlobalSection(ExtensibilityGlobals) = postSolution
		SolutionGuid = {73D44965-98A7-4C71-8E4C-2AF478DD5B20}
	EndGlobalSection
EndGlobal
