
Microsoft Visual Studio Solution File, Format Version 12.00
# Visual Studio Version 17
VisualStudioVersion = 17.5.33103.201
MinimumVisualStudioVersion = 10.0.40219.1
Project("{9A19103F-16F7-4668-BE54-9A1E7A4F7556}") = "Stratis.CodeAnalysis.Cs", "Stratis.CodeAnalysis.Cs\Stratis.CodeAnalysis.Cs\Stratis.CodeAnalysis.Cs.csproj", "{C37F3131-9C5E-4B79-B277-45E0A0150757}"
EndProject
Project("{9A19103F-16F7-4668-BE54-9A1E7A4F7556}") = "Stratis.CodeAnalysis.Cs.CodeFixes", "Stratis.CodeAnalysis.Cs\Stratis.CodeAnalysis.Cs.CodeFixes\Stratis.CodeAnalysis.Cs.CodeFixes.csproj", "{4BD9724D-1344-4E51-9198-79DD9C9114B9}"
EndProject
Project("{9A19103F-16F7-4668-BE54-9A1E7A4F7556}") = "Stratis.CodeAnalysis.Cs.Package", "Stratis.CodeAnalysis.Cs\Stratis.CodeAnalysis.Cs.Package\Stratis.CodeAnalysis.Cs.Package.csproj", "{61F46ECE-B253-4F9E-9CFC-9D0F5AFA518F}"
EndProject
Project("{9A19103F-16F7-4668-BE54-9A1E7A4F7556}") = "Stratis.CodeAnalysis.Cs.Vsix", "Stratis.CodeAnalysis.Cs\Stratis.CodeAnalysis.Cs.Vsix\Stratis.CodeAnalysis.Cs.Vsix.csproj", "{406C292A-8321-417E-A49F-4AC86D8A37D6}"
EndProject
Project("{2150E333-8FDC-42A3-9474-1A3956D46DE8}") = "Core", "Core", "{8DC77034-0F3C-40E6-A352-B157BCB85462}"
EndProject
Project("{2150E333-8FDC-42A3-9474-1A3956D46DE8}") = "VS", "VS", "{3244104A-4F62-488E-8DA9-B1FEB2E367E7}"
EndProject
Project("{2150E333-8FDC-42A3-9474-1A3956D46DE8}") = "Tests", "Tests", "{86A6FC48-CF63-4A0F-A842-A4B96CAF4EDF}"
EndProject
Project("{2150E333-8FDC-42A3-9474-1A3956D46DE8}") = "External", "External", "{A0717F4C-8EED-4659-B72F-50DB73E1F64E}"
EndProject
Project("{9A19103F-16F7-4668-BE54-9A1E7A4F7556}") = "Stratis.SmartContracts", "..\ext\Stratis.SmartContracts\Stratis.SmartContracts\Stratis.SmartContracts.csproj", "{17BC4574-1774-4068-9CFB-70B5E76CB4FD}"
EndProject
Project("{9A19103F-16F7-4668-BE54-9A1E7A4F7556}") = "Stratis.CodeAnalysis.Cs.Test", "..\tests\Stratis.CodeAnalysis.Cs.Test\Stratis.CodeAnalysis.Cs.Test.csproj", "{58238C93-CD2D-4916-B44A-B280EB3140E7}"
EndProject
Project("{2150E333-8FDC-42A3-9474-1A3956D46DE8}") = "Test Projects", "Test Projects", "{3D87B9FF-6152-47D3-BB4B-F9A02960B89E}"
EndProject
Project("{9A19103F-16F7-4668-BE54-9A1E7A4F7556}") = "Stratis.CodeAnalysis.Cs.TestProject1", "..\tests\testprojects\Stratis.CodeAnalysis.Cs.TestProject1\Stratis.CodeAnalysis.Cs.TestProject1.csproj", "{9C1A30FD-FF32-47E0-8FBA-8C994AC66553}"
EndProject
Project("{9A19103F-16F7-4668-BE54-9A1E7A4F7556}") = "Stratis.DevEx.Base", "Stratis.DevEx.Base\Stratis.DevEx.Base.csproj", "{F54AA3E2-F4BF-4C94-8AC9-A476265A70BF}"
EndProject
Project("{9A19103F-16F7-4668-BE54-9A1E7A4F7556}") = "SharpConfig", "..\ext\SharpConfig\Src\SharpConfig.csproj", "{368DF89F-7DD7-49D0-B290-E7E8D3347A07}"
EndProject
Project("{9A19103F-16F7-4668-BE54-9A1E7A4F7556}") = "Stratis.DevEx.Base.Test", "..\tests\Stratis.DevEx.Base.Test\Stratis.DevEx.Base.Test.csproj", "{6BEB5580-14FB-47D4-BC29-0048B4F35DEF}"
EndProject
Project("{9A19103F-16F7-4668-BE54-9A1E7A4F7556}") = "NLog", "..\ext\NLog\src\NLog\NLog.csproj", "{A0BFF0DB-ED9A-4639-AE86-8E709A1EFC66}"
EndProject
Project("{2150E333-8FDC-42A3-9474-1A3956D46DE8}") = "CI", "CI", "{F0C599CF-2317-43C2-BDFF-445483D2DE06}"
	ProjectSection(SolutionItems) = preProject
		..\.github\workflows\publish-packages-myget.yml = ..\.github\workflows\publish-packages-myget.yml
	EndProjectSection
EndProject
Project("{2150E333-8FDC-42A3-9474-1A3956D46DE8}") = "Docs", "Docs", "{8A7E8E06-DF7D-4622-8091-98FB41542C58}"
	ProjectSection(SolutionItems) = preProject
		..\LICENSE.txt = ..\LICENSE.txt
		..\NOTICE = ..\NOTICE
		..\README.md = ..\README.md
		Stratis.CodeAnalysis.Cs\README.md = Stratis.CodeAnalysis.Cs\README.md
		..\THIRD-PARTY NOTICES = ..\THIRD-PARTY NOTICES
	EndProjectSection
EndProject
Project("{2150E333-8FDC-42A3-9474-1A3956D46DE8}") = "Interface", "Interface", "{0A59A8D2-498C-4475-A722-21F7ACB87069}"
EndProject
Project("{9A19103F-16F7-4668-BE54-9A1E7A4F7556}") = "Stratis.DevEx.Gui", "Stratis.DevEx.Gui\Stratis.DevEx.Gui.csproj", "{73CDE663-0364-4EBB-8CD2-21026E201992}"
EndProject
Project("{9A19103F-16F7-4668-BE54-9A1E7A4F7556}") = "Stratis.DevEx.Gui.IO", "Stratis.DevEx.Gui.IO\Stratis.DevEx.Gui.IO.csproj", "{A38EDABA-2CE2-41CF-A37A-B7D5CB09EBC0}"
EndProject
Project("{9A19103F-16F7-4668-BE54-9A1E7A4F7556}") = "Stratis.DevEx.Gui.IO.Test", "..\tests\Stratis.DevEx.Gui.IO.Test\Stratis.DevEx.Gui.IO.Test.csproj", "{2A278AEF-1A96-448D-B7EF-FC2CCF061CDF}"
EndProject
Project("{9A19103F-16F7-4668-BE54-9A1E7A4F7556}") = "Stratis.CodeAnalysis.Cs.GuiTestProject1", "..\tests\testprojects\Stratis.CodeAnalysis.Cs.GuiTestProject1\Stratis.CodeAnalysis.Cs.GuiTestProject1.csproj", "{36CD0E5D-C7E9-4B85-902B-D6C7AFABDF66}"
EndProject
Project("{9A19103F-16F7-4668-BE54-9A1E7A4F7556}") = "Stratis.DevEx.Drawing", "Stratis.DevEx.Drawing\Stratis.DevEx.Drawing.csproj", "{5EADA594-B621-4D56-96EF-5805B317B88C}"
EndProject
Project("{9A19103F-16F7-4668-BE54-9A1E7A4F7556}") = "AGL.NETStandard", "..\ext\AGL\AGL.NETStandard\AGL.NETStandard.csproj", "{7C13A3BF-7652-4AD4-A144-5C94AA0745EE}"
EndProject
Project("{9A19103F-16F7-4668-BE54-9A1E7A4F7556}") = "AGL.Drawing.NETStandard", "..\ext\AGL\AGL.Drawing.NETStandard\AGL.Drawing.NETStandard.csproj", "{01F3C095-FAAF-45AC-996D-291E7055B840}"
EndProject
Project("{2150E333-8FDC-42A3-9474-1A3956D46DE8}") = "AGL", "AGL", "{1A0F0987-AEA7-44D2-A9A4-4D9BE6FC0365}"
EndProject
Project("{9A19103F-16F7-4668-BE54-9A1E7A4F7556}") = "QUT.ShiftReduceParser", "..\ext\AGL\QUT.ShiftReduceParser\QUT.ShiftReduceParser.csproj", "{35849097-F08B-40D6-879F-9FE8090B9374}"
EndProject
Project("{2150E333-8FDC-42A3-9474-1A3956D46DE8}") = "Scripts", "Scripts", "{38EA346F-6659-4991-9878-FB96FB3FCBCF}"
	ProjectSection(SolutionItems) = preProject
		..\build.cmd = ..\build.cmd
		..\build.sh = ..\build.sh
		..\devex-gui = ..\devex-gui
		..\devex-gui.cmd = ..\devex-gui.cmd
	EndProjectSection
EndProject
Project("{9A19103F-16F7-4668-BE54-9A1E7A4F7556}") = "CompactJson", "..\ext\CompactJson\src\CompactJson\CompactJson.csproj", "{45D56C3E-5D8C-490D-88F7-AADDDD017BEC}"
EndProject
Project("{9A19103F-16F7-4668-BE54-9A1E7A4F7556}") = "DotLiquid", "..\ext\dotliquid\src\DotLiquid\DotLiquid.csproj", "{9731C77F-8B1F-4F0D-9E66-13B8E6DE078A}"
EndProject
Project("{9A19103F-16F7-4668-BE54-9A1E7A4F7556}") = "Stratis.DevEx.Drawing.Test", "..\tests\Stratis.DevEx.Drawing.Test\Stratis.DevEx.Drawing.Test.csproj", "{D06A26D9-6E72-44F5-8BBE-39425FBA6E4F}"
EndProject
Project("{9A19103F-16F7-4668-BE54-9A1E7A4F7556}") = "AGL.Drawing.Gdi", "..\ext\AGL\AGL.Drawing.Gdi\AGL.Drawing.Gdi.csproj", "{9C1F1E81-92D6-41F4-91FF-6504F0EA06CC}"
EndProject
Project("{2150E333-8FDC-42A3-9474-1A3956D46DE8}") = "cci", "cci", "{5A143780-ECF3-42C5-B439-57F2455A0A8A}"
EndProject
Project("{9A19103F-16F7-4668-BE54-9A1E7A4F7556}") = "Microsoft.Cci.NETSTANDARD20", "..\ext\cci\NET6\Microsoft.Cci\Microsoft.Cci.NETSTANDARD20.csproj", "{056AA646-EB9B-42D1-8B54-33F11DE44AA8}"
EndProject
Project("{9A19103F-16F7-4668-BE54-9A1E7A4F7556}") = "Stratis.CodeAnalysis.IL", "Stratis.CodeAnalysis.IL\Stratis.CodeAnalysis.IL.csproj", "{81881EC5-6FA9-49EE-9310-50C2C8B1EB5C}"
EndProject
Project("{9A19103F-16F7-4668-BE54-9A1E7A4F7556}") = "Microsoft.DiaSymReader.Converter.NETSTANDARD20", "..\ext\cci\NET6\ext\symreader-converter\src\Microsoft.DiaSymReader.Converter\Microsoft.DiaSymReader.Converter.NETSTANDARD20.csproj", "{A112B5FD-253E-4D90-ABD4-92D7C4FEEE55}"
EndProject
Project("{9A19103F-16F7-4668-BE54-9A1E7A4F7556}") = "Nuclear.Assemblies", "..\ext\Nuclear.Assemblies\Nuclear.Assemblies.csproj", "{4546334C-3D5E-42DB-A017-22D3E931633F}"
EndProject
Project("{9A19103F-16F7-4668-BE54-9A1E7A4F7556}") = "Cobra.Api", "..\ext\Cobra.Api\Cobra.Api.csproj", "{75785EBD-14DC-463A-AD50-ED046F39A5AC}"
EndProject
Project("{9A19103F-16F7-4668-BE54-9A1E7A4F7556}") = "Stratis.DevEx.TestChain", "Stratis.DevEx.TestChain\Stratis.DevEx.TestChain.csproj", "{F18BA290-AFB9-4EEF-8281-30F3F32A0265}"
EndProject
Project("{FAE04EC0-301F-11D3-BF4B-00C04F79EFBC}") = "Stratis.VS.StratisEVM", "Stratis.VS.StratisEVM\Stratis.VS.StratisEVM.csproj", "{99ED2062-8DD2-4969-972C-C9DC81EBF869}"
EndProject
Project("{FAE04EC0-301F-11D3-BF4B-00C04F79EFBC}") = "Stratis.VS.SolidityProjectTemplate", "Stratis.VS.SolidityProjectTemplate\Stratis.VS.SolidityProjectTemplate.csproj", "{90BA4A89-26AA-4E2D-86EF-F5CC2420EB61}"
EndProject
Project("{FAE04EC0-301F-11D3-BF4B-00C04F79EFBC}") = "Stratis.VS.SolidityFileItemTemplate", "Stratis.VS.SolidityFileItemTemplate\Stratis.VS.SolidityFileItemTemplate.csproj", "{72198956-89B5-48F4-B209-A963504B5279}"
EndProject
Global
	GlobalSection(SolutionConfigurationPlatforms) = preSolution
		Debug|Any CPU = Debug|Any CPU
		Debug|arm64 = Debug|arm64
		Debug|x86 = Debug|x86
		Release|Any CPU = Release|Any CPU
		Release|arm64 = Release|arm64
		Release|x86 = Release|x86
		Sources|Any CPU = Sources|Any CPU
		Sources|arm64 = Sources|arm64
		Sources|x86 = Sources|x86
	EndGlobalSection
	GlobalSection(ProjectConfigurationPlatforms) = postSolution
		{C37F3131-9C5E-4B79-B277-45E0A0150757}.Debug|Any CPU.ActiveCfg = Debug|Any CPU
		{C37F3131-9C5E-4B79-B277-45E0A0150757}.Debug|Any CPU.Build.0 = Debug|Any CPU
		{C37F3131-9C5E-4B79-B277-45E0A0150757}.Debug|arm64.ActiveCfg = Debug|Any CPU
		{C37F3131-9C5E-4B79-B277-45E0A0150757}.Debug|arm64.Build.0 = Debug|Any CPU
		{C37F3131-9C5E-4B79-B277-45E0A0150757}.Debug|x86.ActiveCfg = Debug|Any CPU
		{C37F3131-9C5E-4B79-B277-45E0A0150757}.Debug|x86.Build.0 = Debug|Any CPU
		{C37F3131-9C5E-4B79-B277-45E0A0150757}.Release|Any CPU.ActiveCfg = Release|Any CPU
		{C37F3131-9C5E-4B79-B277-45E0A0150757}.Release|Any CPU.Build.0 = Release|Any CPU
		{C37F3131-9C5E-4B79-B277-45E0A0150757}.Release|arm64.ActiveCfg = Release|Any CPU
		{C37F3131-9C5E-4B79-B277-45E0A0150757}.Release|arm64.Build.0 = Release|Any CPU
		{C37F3131-9C5E-4B79-B277-45E0A0150757}.Release|x86.ActiveCfg = Release|Any CPU
		{C37F3131-9C5E-4B79-B277-45E0A0150757}.Release|x86.Build.0 = Release|Any CPU
		{C37F3131-9C5E-4B79-B277-45E0A0150757}.Sources|Any CPU.ActiveCfg = Release|Any CPU
		{C37F3131-9C5E-4B79-B277-45E0A0150757}.Sources|Any CPU.Build.0 = Release|Any CPU
		{C37F3131-9C5E-4B79-B277-45E0A0150757}.Sources|arm64.ActiveCfg = Release|Any CPU
		{C37F3131-9C5E-4B79-B277-45E0A0150757}.Sources|arm64.Build.0 = Release|Any CPU
		{C37F3131-9C5E-4B79-B277-45E0A0150757}.Sources|x86.ActiveCfg = Release|Any CPU
		{C37F3131-9C5E-4B79-B277-45E0A0150757}.Sources|x86.Build.0 = Release|Any CPU
		{4BD9724D-1344-4E51-9198-79DD9C9114B9}.Debug|Any CPU.ActiveCfg = Debug|Any CPU
		{4BD9724D-1344-4E51-9198-79DD9C9114B9}.Debug|Any CPU.Build.0 = Debug|Any CPU
		{4BD9724D-1344-4E51-9198-79DD9C9114B9}.Debug|arm64.ActiveCfg = Debug|Any CPU
		{4BD9724D-1344-4E51-9198-79DD9C9114B9}.Debug|arm64.Build.0 = Debug|Any CPU
		{4BD9724D-1344-4E51-9198-79DD9C9114B9}.Debug|x86.ActiveCfg = Debug|Any CPU
		{4BD9724D-1344-4E51-9198-79DD9C9114B9}.Debug|x86.Build.0 = Debug|Any CPU
		{4BD9724D-1344-4E51-9198-79DD9C9114B9}.Release|Any CPU.ActiveCfg = Release|Any CPU
		{4BD9724D-1344-4E51-9198-79DD9C9114B9}.Release|Any CPU.Build.0 = Release|Any CPU
		{4BD9724D-1344-4E51-9198-79DD9C9114B9}.Release|arm64.ActiveCfg = Release|Any CPU
		{4BD9724D-1344-4E51-9198-79DD9C9114B9}.Release|arm64.Build.0 = Release|Any CPU
		{4BD9724D-1344-4E51-9198-79DD9C9114B9}.Release|x86.ActiveCfg = Release|Any CPU
		{4BD9724D-1344-4E51-9198-79DD9C9114B9}.Release|x86.Build.0 = Release|Any CPU
		{4BD9724D-1344-4E51-9198-79DD9C9114B9}.Sources|Any CPU.ActiveCfg = Release|Any CPU
		{4BD9724D-1344-4E51-9198-79DD9C9114B9}.Sources|Any CPU.Build.0 = Release|Any CPU
		{4BD9724D-1344-4E51-9198-79DD9C9114B9}.Sources|arm64.ActiveCfg = Release|Any CPU
		{4BD9724D-1344-4E51-9198-79DD9C9114B9}.Sources|arm64.Build.0 = Release|Any CPU
		{4BD9724D-1344-4E51-9198-79DD9C9114B9}.Sources|x86.ActiveCfg = Release|Any CPU
		{4BD9724D-1344-4E51-9198-79DD9C9114B9}.Sources|x86.Build.0 = Release|Any CPU
		{61F46ECE-B253-4F9E-9CFC-9D0F5AFA518F}.Debug|Any CPU.ActiveCfg = Debug|Any CPU
		{61F46ECE-B253-4F9E-9CFC-9D0F5AFA518F}.Debug|Any CPU.Build.0 = Debug|Any CPU
		{61F46ECE-B253-4F9E-9CFC-9D0F5AFA518F}.Debug|arm64.ActiveCfg = Debug|Any CPU
		{61F46ECE-B253-4F9E-9CFC-9D0F5AFA518F}.Debug|arm64.Build.0 = Debug|Any CPU
		{61F46ECE-B253-4F9E-9CFC-9D0F5AFA518F}.Debug|x86.ActiveCfg = Debug|Any CPU
		{61F46ECE-B253-4F9E-9CFC-9D0F5AFA518F}.Debug|x86.Build.0 = Debug|Any CPU
		{61F46ECE-B253-4F9E-9CFC-9D0F5AFA518F}.Release|Any CPU.ActiveCfg = Release|Any CPU
		{61F46ECE-B253-4F9E-9CFC-9D0F5AFA518F}.Release|Any CPU.Build.0 = Release|Any CPU
		{61F46ECE-B253-4F9E-9CFC-9D0F5AFA518F}.Release|arm64.ActiveCfg = Release|Any CPU
		{61F46ECE-B253-4F9E-9CFC-9D0F5AFA518F}.Release|arm64.Build.0 = Release|Any CPU
		{61F46ECE-B253-4F9E-9CFC-9D0F5AFA518F}.Release|x86.ActiveCfg = Release|Any CPU
		{61F46ECE-B253-4F9E-9CFC-9D0F5AFA518F}.Release|x86.Build.0 = Release|Any CPU
		{61F46ECE-B253-4F9E-9CFC-9D0F5AFA518F}.Sources|Any CPU.ActiveCfg = Release|Any CPU
		{61F46ECE-B253-4F9E-9CFC-9D0F5AFA518F}.Sources|Any CPU.Build.0 = Release|Any CPU
		{61F46ECE-B253-4F9E-9CFC-9D0F5AFA518F}.Sources|arm64.ActiveCfg = Release|Any CPU
		{61F46ECE-B253-4F9E-9CFC-9D0F5AFA518F}.Sources|arm64.Build.0 = Release|Any CPU
		{61F46ECE-B253-4F9E-9CFC-9D0F5AFA518F}.Sources|x86.ActiveCfg = Release|Any CPU
		{61F46ECE-B253-4F9E-9CFC-9D0F5AFA518F}.Sources|x86.Build.0 = Release|Any CPU
		{406C292A-8321-417E-A49F-4AC86D8A37D6}.Debug|Any CPU.ActiveCfg = Debug|Any CPU
		{406C292A-8321-417E-A49F-4AC86D8A37D6}.Debug|Any CPU.Build.0 = Debug|Any CPU
		{406C292A-8321-417E-A49F-4AC86D8A37D6}.Debug|arm64.ActiveCfg = Debug|Any CPU
		{406C292A-8321-417E-A49F-4AC86D8A37D6}.Debug|arm64.Build.0 = Debug|Any CPU
		{406C292A-8321-417E-A49F-4AC86D8A37D6}.Debug|x86.ActiveCfg = Debug|Any CPU
		{406C292A-8321-417E-A49F-4AC86D8A37D6}.Debug|x86.Build.0 = Debug|Any CPU
		{406C292A-8321-417E-A49F-4AC86D8A37D6}.Release|Any CPU.ActiveCfg = Release|Any CPU
		{406C292A-8321-417E-A49F-4AC86D8A37D6}.Release|Any CPU.Build.0 = Release|Any CPU
		{406C292A-8321-417E-A49F-4AC86D8A37D6}.Release|arm64.ActiveCfg = Release|Any CPU
		{406C292A-8321-417E-A49F-4AC86D8A37D6}.Release|arm64.Build.0 = Release|Any CPU
		{406C292A-8321-417E-A49F-4AC86D8A37D6}.Release|x86.ActiveCfg = Release|Any CPU
		{406C292A-8321-417E-A49F-4AC86D8A37D6}.Release|x86.Build.0 = Release|Any CPU
		{406C292A-8321-417E-A49F-4AC86D8A37D6}.Sources|Any CPU.ActiveCfg = Release|Any CPU
		{406C292A-8321-417E-A49F-4AC86D8A37D6}.Sources|Any CPU.Build.0 = Release|Any CPU
		{406C292A-8321-417E-A49F-4AC86D8A37D6}.Sources|arm64.ActiveCfg = Release|Any CPU
		{406C292A-8321-417E-A49F-4AC86D8A37D6}.Sources|arm64.Build.0 = Release|Any CPU
		{406C292A-8321-417E-A49F-4AC86D8A37D6}.Sources|x86.ActiveCfg = Release|Any CPU
		{406C292A-8321-417E-A49F-4AC86D8A37D6}.Sources|x86.Build.0 = Release|Any CPU
		{17BC4574-1774-4068-9CFB-70B5E76CB4FD}.Debug|Any CPU.ActiveCfg = Debug|Any CPU
		{17BC4574-1774-4068-9CFB-70B5E76CB4FD}.Debug|Any CPU.Build.0 = Debug|Any CPU
		{17BC4574-1774-4068-9CFB-70B5E76CB4FD}.Debug|arm64.ActiveCfg = Debug|Any CPU
		{17BC4574-1774-4068-9CFB-70B5E76CB4FD}.Debug|arm64.Build.0 = Debug|Any CPU
		{17BC4574-1774-4068-9CFB-70B5E76CB4FD}.Debug|x86.ActiveCfg = Debug|Any CPU
		{17BC4574-1774-4068-9CFB-70B5E76CB4FD}.Debug|x86.Build.0 = Debug|Any CPU
		{17BC4574-1774-4068-9CFB-70B5E76CB4FD}.Release|Any CPU.ActiveCfg = Release|Any CPU
		{17BC4574-1774-4068-9CFB-70B5E76CB4FD}.Release|Any CPU.Build.0 = Release|Any CPU
		{17BC4574-1774-4068-9CFB-70B5E76CB4FD}.Release|arm64.ActiveCfg = Release|Any CPU
		{17BC4574-1774-4068-9CFB-70B5E76CB4FD}.Release|arm64.Build.0 = Release|Any CPU
		{17BC4574-1774-4068-9CFB-70B5E76CB4FD}.Release|x86.ActiveCfg = Release|Any CPU
		{17BC4574-1774-4068-9CFB-70B5E76CB4FD}.Release|x86.Build.0 = Release|Any CPU
		{17BC4574-1774-4068-9CFB-70B5E76CB4FD}.Sources|Any CPU.ActiveCfg = Release|Any CPU
		{17BC4574-1774-4068-9CFB-70B5E76CB4FD}.Sources|Any CPU.Build.0 = Release|Any CPU
		{17BC4574-1774-4068-9CFB-70B5E76CB4FD}.Sources|arm64.ActiveCfg = Release|Any CPU
		{17BC4574-1774-4068-9CFB-70B5E76CB4FD}.Sources|arm64.Build.0 = Release|Any CPU
		{17BC4574-1774-4068-9CFB-70B5E76CB4FD}.Sources|x86.ActiveCfg = Release|Any CPU
		{17BC4574-1774-4068-9CFB-70B5E76CB4FD}.Sources|x86.Build.0 = Release|Any CPU
		{58238C93-CD2D-4916-B44A-B280EB3140E7}.Debug|Any CPU.ActiveCfg = Debug|Any CPU
		{58238C93-CD2D-4916-B44A-B280EB3140E7}.Debug|Any CPU.Build.0 = Debug|Any CPU
		{58238C93-CD2D-4916-B44A-B280EB3140E7}.Debug|arm64.ActiveCfg = Debug|Any CPU
		{58238C93-CD2D-4916-B44A-B280EB3140E7}.Debug|arm64.Build.0 = Debug|Any CPU
		{58238C93-CD2D-4916-B44A-B280EB3140E7}.Debug|x86.ActiveCfg = Debug|Any CPU
		{58238C93-CD2D-4916-B44A-B280EB3140E7}.Debug|x86.Build.0 = Debug|Any CPU
		{58238C93-CD2D-4916-B44A-B280EB3140E7}.Release|Any CPU.ActiveCfg = Release|Any CPU
		{58238C93-CD2D-4916-B44A-B280EB3140E7}.Release|Any CPU.Build.0 = Release|Any CPU
		{58238C93-CD2D-4916-B44A-B280EB3140E7}.Release|arm64.ActiveCfg = Release|Any CPU
		{58238C93-CD2D-4916-B44A-B280EB3140E7}.Release|arm64.Build.0 = Release|Any CPU
		{58238C93-CD2D-4916-B44A-B280EB3140E7}.Release|x86.ActiveCfg = Release|Any CPU
		{58238C93-CD2D-4916-B44A-B280EB3140E7}.Release|x86.Build.0 = Release|Any CPU
		{58238C93-CD2D-4916-B44A-B280EB3140E7}.Sources|Any CPU.ActiveCfg = Release|Any CPU
		{58238C93-CD2D-4916-B44A-B280EB3140E7}.Sources|Any CPU.Build.0 = Release|Any CPU
		{58238C93-CD2D-4916-B44A-B280EB3140E7}.Sources|arm64.ActiveCfg = Release|Any CPU
		{58238C93-CD2D-4916-B44A-B280EB3140E7}.Sources|arm64.Build.0 = Release|Any CPU
		{58238C93-CD2D-4916-B44A-B280EB3140E7}.Sources|x86.ActiveCfg = Release|Any CPU
		{58238C93-CD2D-4916-B44A-B280EB3140E7}.Sources|x86.Build.0 = Release|Any CPU
		{9C1A30FD-FF32-47E0-8FBA-8C994AC66553}.Debug|Any CPU.ActiveCfg = Debug|Any CPU
		{9C1A30FD-FF32-47E0-8FBA-8C994AC66553}.Debug|Any CPU.Build.0 = Debug|Any CPU
		{9C1A30FD-FF32-47E0-8FBA-8C994AC66553}.Debug|arm64.ActiveCfg = Debug|Any CPU
		{9C1A30FD-FF32-47E0-8FBA-8C994AC66553}.Debug|arm64.Build.0 = Debug|Any CPU
		{9C1A30FD-FF32-47E0-8FBA-8C994AC66553}.Debug|x86.ActiveCfg = Debug|Any CPU
		{9C1A30FD-FF32-47E0-8FBA-8C994AC66553}.Debug|x86.Build.0 = Debug|Any CPU
		{9C1A30FD-FF32-47E0-8FBA-8C994AC66553}.Release|Any CPU.ActiveCfg = Release|Any CPU
		{9C1A30FD-FF32-47E0-8FBA-8C994AC66553}.Release|Any CPU.Build.0 = Release|Any CPU
		{9C1A30FD-FF32-47E0-8FBA-8C994AC66553}.Release|arm64.ActiveCfg = Release|Any CPU
		{9C1A30FD-FF32-47E0-8FBA-8C994AC66553}.Release|arm64.Build.0 = Release|Any CPU
		{9C1A30FD-FF32-47E0-8FBA-8C994AC66553}.Release|x86.ActiveCfg = Release|Any CPU
		{9C1A30FD-FF32-47E0-8FBA-8C994AC66553}.Release|x86.Build.0 = Release|Any CPU
		{9C1A30FD-FF32-47E0-8FBA-8C994AC66553}.Sources|Any CPU.ActiveCfg = Release|Any CPU
		{9C1A30FD-FF32-47E0-8FBA-8C994AC66553}.Sources|Any CPU.Build.0 = Release|Any CPU
		{9C1A30FD-FF32-47E0-8FBA-8C994AC66553}.Sources|arm64.ActiveCfg = Release|Any CPU
		{9C1A30FD-FF32-47E0-8FBA-8C994AC66553}.Sources|arm64.Build.0 = Release|Any CPU
		{9C1A30FD-FF32-47E0-8FBA-8C994AC66553}.Sources|x86.ActiveCfg = Release|Any CPU
		{9C1A30FD-FF32-47E0-8FBA-8C994AC66553}.Sources|x86.Build.0 = Release|Any CPU
		{F54AA3E2-F4BF-4C94-8AC9-A476265A70BF}.Debug|Any CPU.ActiveCfg = Debug|Any CPU
		{F54AA3E2-F4BF-4C94-8AC9-A476265A70BF}.Debug|Any CPU.Build.0 = Debug|Any CPU
		{F54AA3E2-F4BF-4C94-8AC9-A476265A70BF}.Debug|arm64.ActiveCfg = Debug|Any CPU
		{F54AA3E2-F4BF-4C94-8AC9-A476265A70BF}.Debug|arm64.Build.0 = Debug|Any CPU
		{F54AA3E2-F4BF-4C94-8AC9-A476265A70BF}.Debug|x86.ActiveCfg = Debug|Any CPU
		{F54AA3E2-F4BF-4C94-8AC9-A476265A70BF}.Debug|x86.Build.0 = Debug|Any CPU
		{F54AA3E2-F4BF-4C94-8AC9-A476265A70BF}.Release|Any CPU.ActiveCfg = Release|Any CPU
		{F54AA3E2-F4BF-4C94-8AC9-A476265A70BF}.Release|Any CPU.Build.0 = Release|Any CPU
		{F54AA3E2-F4BF-4C94-8AC9-A476265A70BF}.Release|arm64.ActiveCfg = Release|Any CPU
		{F54AA3E2-F4BF-4C94-8AC9-A476265A70BF}.Release|arm64.Build.0 = Release|Any CPU
		{F54AA3E2-F4BF-4C94-8AC9-A476265A70BF}.Release|x86.ActiveCfg = Release|Any CPU
		{F54AA3E2-F4BF-4C94-8AC9-A476265A70BF}.Release|x86.Build.0 = Release|Any CPU
		{F54AA3E2-F4BF-4C94-8AC9-A476265A70BF}.Sources|Any CPU.ActiveCfg = Release|Any CPU
		{F54AA3E2-F4BF-4C94-8AC9-A476265A70BF}.Sources|Any CPU.Build.0 = Release|Any CPU
		{F54AA3E2-F4BF-4C94-8AC9-A476265A70BF}.Sources|arm64.ActiveCfg = Release|Any CPU
		{F54AA3E2-F4BF-4C94-8AC9-A476265A70BF}.Sources|arm64.Build.0 = Release|Any CPU
		{F54AA3E2-F4BF-4C94-8AC9-A476265A70BF}.Sources|x86.ActiveCfg = Release|Any CPU
		{F54AA3E2-F4BF-4C94-8AC9-A476265A70BF}.Sources|x86.Build.0 = Release|Any CPU
		{368DF89F-7DD7-49D0-B290-E7E8D3347A07}.Debug|Any CPU.ActiveCfg = Debug|Any CPU
		{368DF89F-7DD7-49D0-B290-E7E8D3347A07}.Debug|Any CPU.Build.0 = Debug|Any CPU
		{368DF89F-7DD7-49D0-B290-E7E8D3347A07}.Debug|arm64.ActiveCfg = Debug|Any CPU
		{368DF89F-7DD7-49D0-B290-E7E8D3347A07}.Debug|arm64.Build.0 = Debug|Any CPU
		{368DF89F-7DD7-49D0-B290-E7E8D3347A07}.Debug|x86.ActiveCfg = Debug|Any CPU
		{368DF89F-7DD7-49D0-B290-E7E8D3347A07}.Debug|x86.Build.0 = Debug|Any CPU
		{368DF89F-7DD7-49D0-B290-E7E8D3347A07}.Release|Any CPU.ActiveCfg = Release|Any CPU
		{368DF89F-7DD7-49D0-B290-E7E8D3347A07}.Release|Any CPU.Build.0 = Release|Any CPU
		{368DF89F-7DD7-49D0-B290-E7E8D3347A07}.Release|arm64.ActiveCfg = Release|Any CPU
		{368DF89F-7DD7-49D0-B290-E7E8D3347A07}.Release|arm64.Build.0 = Release|Any CPU
		{368DF89F-7DD7-49D0-B290-E7E8D3347A07}.Release|x86.ActiveCfg = Release|Any CPU
		{368DF89F-7DD7-49D0-B290-E7E8D3347A07}.Release|x86.Build.0 = Release|Any CPU
		{368DF89F-7DD7-49D0-B290-E7E8D3347A07}.Sources|Any CPU.ActiveCfg = Release|Any CPU
		{368DF89F-7DD7-49D0-B290-E7E8D3347A07}.Sources|Any CPU.Build.0 = Release|Any CPU
		{368DF89F-7DD7-49D0-B290-E7E8D3347A07}.Sources|arm64.ActiveCfg = Release|Any CPU
		{368DF89F-7DD7-49D0-B290-E7E8D3347A07}.Sources|arm64.Build.0 = Release|Any CPU
		{368DF89F-7DD7-49D0-B290-E7E8D3347A07}.Sources|x86.ActiveCfg = Release|Any CPU
		{368DF89F-7DD7-49D0-B290-E7E8D3347A07}.Sources|x86.Build.0 = Release|Any CPU
		{6BEB5580-14FB-47D4-BC29-0048B4F35DEF}.Debug|Any CPU.ActiveCfg = Debug|Any CPU
		{6BEB5580-14FB-47D4-BC29-0048B4F35DEF}.Debug|Any CPU.Build.0 = Debug|Any CPU
		{6BEB5580-14FB-47D4-BC29-0048B4F35DEF}.Debug|arm64.ActiveCfg = Debug|Any CPU
		{6BEB5580-14FB-47D4-BC29-0048B4F35DEF}.Debug|arm64.Build.0 = Debug|Any CPU
		{6BEB5580-14FB-47D4-BC29-0048B4F35DEF}.Debug|x86.ActiveCfg = Debug|Any CPU
		{6BEB5580-14FB-47D4-BC29-0048B4F35DEF}.Debug|x86.Build.0 = Debug|Any CPU
		{6BEB5580-14FB-47D4-BC29-0048B4F35DEF}.Release|Any CPU.ActiveCfg = Release|Any CPU
		{6BEB5580-14FB-47D4-BC29-0048B4F35DEF}.Release|Any CPU.Build.0 = Release|Any CPU
		{6BEB5580-14FB-47D4-BC29-0048B4F35DEF}.Release|arm64.ActiveCfg = Release|Any CPU
		{6BEB5580-14FB-47D4-BC29-0048B4F35DEF}.Release|arm64.Build.0 = Release|Any CPU
		{6BEB5580-14FB-47D4-BC29-0048B4F35DEF}.Release|x86.ActiveCfg = Release|Any CPU
		{6BEB5580-14FB-47D4-BC29-0048B4F35DEF}.Release|x86.Build.0 = Release|Any CPU
		{6BEB5580-14FB-47D4-BC29-0048B4F35DEF}.Sources|Any CPU.ActiveCfg = Release|Any CPU
		{6BEB5580-14FB-47D4-BC29-0048B4F35DEF}.Sources|Any CPU.Build.0 = Release|Any CPU
		{6BEB5580-14FB-47D4-BC29-0048B4F35DEF}.Sources|arm64.ActiveCfg = Release|Any CPU
		{6BEB5580-14FB-47D4-BC29-0048B4F35DEF}.Sources|arm64.Build.0 = Release|Any CPU
		{6BEB5580-14FB-47D4-BC29-0048B4F35DEF}.Sources|x86.ActiveCfg = Release|Any CPU
		{6BEB5580-14FB-47D4-BC29-0048B4F35DEF}.Sources|x86.Build.0 = Release|Any CPU
		{A0BFF0DB-ED9A-4639-AE86-8E709A1EFC66}.Debug|Any CPU.ActiveCfg = Debug|Any CPU
		{A0BFF0DB-ED9A-4639-AE86-8E709A1EFC66}.Debug|Any CPU.Build.0 = Debug|Any CPU
		{A0BFF0DB-ED9A-4639-AE86-8E709A1EFC66}.Debug|arm64.ActiveCfg = Debug|Any CPU
		{A0BFF0DB-ED9A-4639-AE86-8E709A1EFC66}.Debug|arm64.Build.0 = Debug|Any CPU
		{A0BFF0DB-ED9A-4639-AE86-8E709A1EFC66}.Debug|x86.ActiveCfg = Debug|Any CPU
		{A0BFF0DB-ED9A-4639-AE86-8E709A1EFC66}.Debug|x86.Build.0 = Debug|Any CPU
		{A0BFF0DB-ED9A-4639-AE86-8E709A1EFC66}.Release|Any CPU.ActiveCfg = Release|Any CPU
		{A0BFF0DB-ED9A-4639-AE86-8E709A1EFC66}.Release|Any CPU.Build.0 = Release|Any CPU
		{A0BFF0DB-ED9A-4639-AE86-8E709A1EFC66}.Release|arm64.ActiveCfg = Release|Any CPU
		{A0BFF0DB-ED9A-4639-AE86-8E709A1EFC66}.Release|arm64.Build.0 = Release|Any CPU
		{A0BFF0DB-ED9A-4639-AE86-8E709A1EFC66}.Release|x86.ActiveCfg = Release|Any CPU
		{A0BFF0DB-ED9A-4639-AE86-8E709A1EFC66}.Release|x86.Build.0 = Release|Any CPU
		{A0BFF0DB-ED9A-4639-AE86-8E709A1EFC66}.Sources|Any CPU.ActiveCfg = Release|Any CPU
		{A0BFF0DB-ED9A-4639-AE86-8E709A1EFC66}.Sources|Any CPU.Build.0 = Release|Any CPU
		{A0BFF0DB-ED9A-4639-AE86-8E709A1EFC66}.Sources|arm64.ActiveCfg = Release|Any CPU
		{A0BFF0DB-ED9A-4639-AE86-8E709A1EFC66}.Sources|arm64.Build.0 = Release|Any CPU
		{A0BFF0DB-ED9A-4639-AE86-8E709A1EFC66}.Sources|x86.ActiveCfg = Release|Any CPU
		{A0BFF0DB-ED9A-4639-AE86-8E709A1EFC66}.Sources|x86.Build.0 = Release|Any CPU
		{73CDE663-0364-4EBB-8CD2-21026E201992}.Debug|Any CPU.ActiveCfg = Debug|Any CPU
		{73CDE663-0364-4EBB-8CD2-21026E201992}.Debug|Any CPU.Build.0 = Debug|Any CPU
		{73CDE663-0364-4EBB-8CD2-21026E201992}.Debug|arm64.ActiveCfg = Debug|Any CPU
		{73CDE663-0364-4EBB-8CD2-21026E201992}.Debug|arm64.Build.0 = Debug|Any CPU
		{73CDE663-0364-4EBB-8CD2-21026E201992}.Debug|x86.ActiveCfg = Debug|Any CPU
		{73CDE663-0364-4EBB-8CD2-21026E201992}.Debug|x86.Build.0 = Debug|Any CPU
		{73CDE663-0364-4EBB-8CD2-21026E201992}.Release|Any CPU.ActiveCfg = Release|Any CPU
		{73CDE663-0364-4EBB-8CD2-21026E201992}.Release|Any CPU.Build.0 = Release|Any CPU
		{73CDE663-0364-4EBB-8CD2-21026E201992}.Release|arm64.ActiveCfg = Release|Any CPU
		{73CDE663-0364-4EBB-8CD2-21026E201992}.Release|arm64.Build.0 = Release|Any CPU
		{73CDE663-0364-4EBB-8CD2-21026E201992}.Release|x86.ActiveCfg = Release|Any CPU
		{73CDE663-0364-4EBB-8CD2-21026E201992}.Release|x86.Build.0 = Release|Any CPU
		{73CDE663-0364-4EBB-8CD2-21026E201992}.Sources|Any CPU.ActiveCfg = Release|Any CPU
		{73CDE663-0364-4EBB-8CD2-21026E201992}.Sources|Any CPU.Build.0 = Release|Any CPU
		{73CDE663-0364-4EBB-8CD2-21026E201992}.Sources|arm64.ActiveCfg = Release|Any CPU
		{73CDE663-0364-4EBB-8CD2-21026E201992}.Sources|arm64.Build.0 = Release|Any CPU
		{73CDE663-0364-4EBB-8CD2-21026E201992}.Sources|x86.ActiveCfg = Release|Any CPU
		{73CDE663-0364-4EBB-8CD2-21026E201992}.Sources|x86.Build.0 = Release|Any CPU
		{A38EDABA-2CE2-41CF-A37A-B7D5CB09EBC0}.Debug|Any CPU.ActiveCfg = Debug|Any CPU
		{A38EDABA-2CE2-41CF-A37A-B7D5CB09EBC0}.Debug|Any CPU.Build.0 = Debug|Any CPU
		{A38EDABA-2CE2-41CF-A37A-B7D5CB09EBC0}.Debug|arm64.ActiveCfg = Debug|Any CPU
		{A38EDABA-2CE2-41CF-A37A-B7D5CB09EBC0}.Debug|arm64.Build.0 = Debug|Any CPU
		{A38EDABA-2CE2-41CF-A37A-B7D5CB09EBC0}.Debug|x86.ActiveCfg = Debug|Any CPU
		{A38EDABA-2CE2-41CF-A37A-B7D5CB09EBC0}.Debug|x86.Build.0 = Debug|Any CPU
		{A38EDABA-2CE2-41CF-A37A-B7D5CB09EBC0}.Release|Any CPU.ActiveCfg = Release|Any CPU
		{A38EDABA-2CE2-41CF-A37A-B7D5CB09EBC0}.Release|Any CPU.Build.0 = Release|Any CPU
		{A38EDABA-2CE2-41CF-A37A-B7D5CB09EBC0}.Release|arm64.ActiveCfg = Release|Any CPU
		{A38EDABA-2CE2-41CF-A37A-B7D5CB09EBC0}.Release|arm64.Build.0 = Release|Any CPU
		{A38EDABA-2CE2-41CF-A37A-B7D5CB09EBC0}.Release|x86.ActiveCfg = Release|Any CPU
		{A38EDABA-2CE2-41CF-A37A-B7D5CB09EBC0}.Release|x86.Build.0 = Release|Any CPU
		{A38EDABA-2CE2-41CF-A37A-B7D5CB09EBC0}.Sources|Any CPU.ActiveCfg = Release|Any CPU
		{A38EDABA-2CE2-41CF-A37A-B7D5CB09EBC0}.Sources|Any CPU.Build.0 = Release|Any CPU
		{A38EDABA-2CE2-41CF-A37A-B7D5CB09EBC0}.Sources|arm64.ActiveCfg = Release|Any CPU
		{A38EDABA-2CE2-41CF-A37A-B7D5CB09EBC0}.Sources|arm64.Build.0 = Release|Any CPU
		{A38EDABA-2CE2-41CF-A37A-B7D5CB09EBC0}.Sources|x86.ActiveCfg = Release|Any CPU
		{A38EDABA-2CE2-41CF-A37A-B7D5CB09EBC0}.Sources|x86.Build.0 = Release|Any CPU
		{2A278AEF-1A96-448D-B7EF-FC2CCF061CDF}.Debug|Any CPU.ActiveCfg = Debug|Any CPU
		{2A278AEF-1A96-448D-B7EF-FC2CCF061CDF}.Debug|Any CPU.Build.0 = Debug|Any CPU
		{2A278AEF-1A96-448D-B7EF-FC2CCF061CDF}.Debug|arm64.ActiveCfg = Debug|Any CPU
		{2A278AEF-1A96-448D-B7EF-FC2CCF061CDF}.Debug|arm64.Build.0 = Debug|Any CPU
		{2A278AEF-1A96-448D-B7EF-FC2CCF061CDF}.Debug|x86.ActiveCfg = Debug|Any CPU
		{2A278AEF-1A96-448D-B7EF-FC2CCF061CDF}.Debug|x86.Build.0 = Debug|Any CPU
		{2A278AEF-1A96-448D-B7EF-FC2CCF061CDF}.Release|Any CPU.ActiveCfg = Release|Any CPU
		{2A278AEF-1A96-448D-B7EF-FC2CCF061CDF}.Release|Any CPU.Build.0 = Release|Any CPU
		{2A278AEF-1A96-448D-B7EF-FC2CCF061CDF}.Release|arm64.ActiveCfg = Release|Any CPU
		{2A278AEF-1A96-448D-B7EF-FC2CCF061CDF}.Release|arm64.Build.0 = Release|Any CPU
		{2A278AEF-1A96-448D-B7EF-FC2CCF061CDF}.Release|x86.ActiveCfg = Release|Any CPU
		{2A278AEF-1A96-448D-B7EF-FC2CCF061CDF}.Release|x86.Build.0 = Release|Any CPU
		{2A278AEF-1A96-448D-B7EF-FC2CCF061CDF}.Sources|Any CPU.ActiveCfg = Release|Any CPU
		{2A278AEF-1A96-448D-B7EF-FC2CCF061CDF}.Sources|Any CPU.Build.0 = Release|Any CPU
		{2A278AEF-1A96-448D-B7EF-FC2CCF061CDF}.Sources|arm64.ActiveCfg = Release|Any CPU
		{2A278AEF-1A96-448D-B7EF-FC2CCF061CDF}.Sources|arm64.Build.0 = Release|Any CPU
		{2A278AEF-1A96-448D-B7EF-FC2CCF061CDF}.Sources|x86.ActiveCfg = Release|Any CPU
		{2A278AEF-1A96-448D-B7EF-FC2CCF061CDF}.Sources|x86.Build.0 = Release|Any CPU
		{36CD0E5D-C7E9-4B85-902B-D6C7AFABDF66}.Debug|Any CPU.ActiveCfg = Debug|Any CPU
		{36CD0E5D-C7E9-4B85-902B-D6C7AFABDF66}.Debug|Any CPU.Build.0 = Debug|Any CPU
		{36CD0E5D-C7E9-4B85-902B-D6C7AFABDF66}.Debug|arm64.ActiveCfg = Debug|Any CPU
		{36CD0E5D-C7E9-4B85-902B-D6C7AFABDF66}.Debug|arm64.Build.0 = Debug|Any CPU
		{36CD0E5D-C7E9-4B85-902B-D6C7AFABDF66}.Debug|x86.ActiveCfg = Debug|Any CPU
		{36CD0E5D-C7E9-4B85-902B-D6C7AFABDF66}.Debug|x86.Build.0 = Debug|Any CPU
		{36CD0E5D-C7E9-4B85-902B-D6C7AFABDF66}.Release|Any CPU.ActiveCfg = Release|Any CPU
		{36CD0E5D-C7E9-4B85-902B-D6C7AFABDF66}.Release|Any CPU.Build.0 = Release|Any CPU
		{36CD0E5D-C7E9-4B85-902B-D6C7AFABDF66}.Release|arm64.ActiveCfg = Release|Any CPU
		{36CD0E5D-C7E9-4B85-902B-D6C7AFABDF66}.Release|arm64.Build.0 = Release|Any CPU
		{36CD0E5D-C7E9-4B85-902B-D6C7AFABDF66}.Release|x86.ActiveCfg = Release|Any CPU
		{36CD0E5D-C7E9-4B85-902B-D6C7AFABDF66}.Release|x86.Build.0 = Release|Any CPU
		{36CD0E5D-C7E9-4B85-902B-D6C7AFABDF66}.Sources|Any CPU.ActiveCfg = Release|Any CPU
		{36CD0E5D-C7E9-4B85-902B-D6C7AFABDF66}.Sources|Any CPU.Build.0 = Release|Any CPU
		{36CD0E5D-C7E9-4B85-902B-D6C7AFABDF66}.Sources|arm64.ActiveCfg = Release|Any CPU
		{36CD0E5D-C7E9-4B85-902B-D6C7AFABDF66}.Sources|arm64.Build.0 = Release|Any CPU
		{36CD0E5D-C7E9-4B85-902B-D6C7AFABDF66}.Sources|x86.ActiveCfg = Release|Any CPU
		{36CD0E5D-C7E9-4B85-902B-D6C7AFABDF66}.Sources|x86.Build.0 = Release|Any CPU
		{5EADA594-B621-4D56-96EF-5805B317B88C}.Debug|Any CPU.ActiveCfg = Debug|Any CPU
		{5EADA594-B621-4D56-96EF-5805B317B88C}.Debug|Any CPU.Build.0 = Debug|Any CPU
		{5EADA594-B621-4D56-96EF-5805B317B88C}.Debug|arm64.ActiveCfg = Debug|Any CPU
		{5EADA594-B621-4D56-96EF-5805B317B88C}.Debug|arm64.Build.0 = Debug|Any CPU
		{5EADA594-B621-4D56-96EF-5805B317B88C}.Debug|x86.ActiveCfg = Debug|Any CPU
		{5EADA594-B621-4D56-96EF-5805B317B88C}.Debug|x86.Build.0 = Debug|Any CPU
		{5EADA594-B621-4D56-96EF-5805B317B88C}.Release|Any CPU.ActiveCfg = Release|Any CPU
		{5EADA594-B621-4D56-96EF-5805B317B88C}.Release|Any CPU.Build.0 = Release|Any CPU
		{5EADA594-B621-4D56-96EF-5805B317B88C}.Release|arm64.ActiveCfg = Release|Any CPU
		{5EADA594-B621-4D56-96EF-5805B317B88C}.Release|arm64.Build.0 = Release|Any CPU
		{5EADA594-B621-4D56-96EF-5805B317B88C}.Release|x86.ActiveCfg = Release|Any CPU
		{5EADA594-B621-4D56-96EF-5805B317B88C}.Release|x86.Build.0 = Release|Any CPU
		{5EADA594-B621-4D56-96EF-5805B317B88C}.Sources|Any CPU.ActiveCfg = Release|Any CPU
		{5EADA594-B621-4D56-96EF-5805B317B88C}.Sources|Any CPU.Build.0 = Release|Any CPU
		{5EADA594-B621-4D56-96EF-5805B317B88C}.Sources|arm64.ActiveCfg = Release|Any CPU
		{5EADA594-B621-4D56-96EF-5805B317B88C}.Sources|arm64.Build.0 = Release|Any CPU
		{5EADA594-B621-4D56-96EF-5805B317B88C}.Sources|x86.ActiveCfg = Release|Any CPU
		{5EADA594-B621-4D56-96EF-5805B317B88C}.Sources|x86.Build.0 = Release|Any CPU
		{7C13A3BF-7652-4AD4-A144-5C94AA0745EE}.Debug|Any CPU.ActiveCfg = Debug|Any CPU
		{7C13A3BF-7652-4AD4-A144-5C94AA0745EE}.Debug|Any CPU.Build.0 = Debug|Any CPU
		{7C13A3BF-7652-4AD4-A144-5C94AA0745EE}.Debug|arm64.ActiveCfg = Debug|Any CPU
		{7C13A3BF-7652-4AD4-A144-5C94AA0745EE}.Debug|arm64.Build.0 = Debug|Any CPU
		{7C13A3BF-7652-4AD4-A144-5C94AA0745EE}.Debug|x86.ActiveCfg = Debug|Any CPU
		{7C13A3BF-7652-4AD4-A144-5C94AA0745EE}.Debug|x86.Build.0 = Debug|Any CPU
		{7C13A3BF-7652-4AD4-A144-5C94AA0745EE}.Release|Any CPU.ActiveCfg = Release|Any CPU
		{7C13A3BF-7652-4AD4-A144-5C94AA0745EE}.Release|Any CPU.Build.0 = Release|Any CPU
		{7C13A3BF-7652-4AD4-A144-5C94AA0745EE}.Release|arm64.ActiveCfg = Release|Any CPU
		{7C13A3BF-7652-4AD4-A144-5C94AA0745EE}.Release|arm64.Build.0 = Release|Any CPU
		{7C13A3BF-7652-4AD4-A144-5C94AA0745EE}.Release|x86.ActiveCfg = Release|Any CPU
		{7C13A3BF-7652-4AD4-A144-5C94AA0745EE}.Release|x86.Build.0 = Release|Any CPU
		{7C13A3BF-7652-4AD4-A144-5C94AA0745EE}.Sources|Any CPU.ActiveCfg = Release|Any CPU
		{7C13A3BF-7652-4AD4-A144-5C94AA0745EE}.Sources|Any CPU.Build.0 = Release|Any CPU
		{7C13A3BF-7652-4AD4-A144-5C94AA0745EE}.Sources|arm64.ActiveCfg = Release|Any CPU
		{7C13A3BF-7652-4AD4-A144-5C94AA0745EE}.Sources|arm64.Build.0 = Release|Any CPU
		{7C13A3BF-7652-4AD4-A144-5C94AA0745EE}.Sources|x86.ActiveCfg = Release|Any CPU
		{7C13A3BF-7652-4AD4-A144-5C94AA0745EE}.Sources|x86.Build.0 = Release|Any CPU
		{01F3C095-FAAF-45AC-996D-291E7055B840}.Debug|Any CPU.ActiveCfg = Debug|Any CPU
		{01F3C095-FAAF-45AC-996D-291E7055B840}.Debug|Any CPU.Build.0 = Debug|Any CPU
		{01F3C095-FAAF-45AC-996D-291E7055B840}.Debug|arm64.ActiveCfg = Debug|Any CPU
		{01F3C095-FAAF-45AC-996D-291E7055B840}.Debug|arm64.Build.0 = Debug|Any CPU
		{01F3C095-FAAF-45AC-996D-291E7055B840}.Debug|x86.ActiveCfg = Debug|Any CPU
		{01F3C095-FAAF-45AC-996D-291E7055B840}.Debug|x86.Build.0 = Debug|Any CPU
		{01F3C095-FAAF-45AC-996D-291E7055B840}.Release|Any CPU.ActiveCfg = Release|Any CPU
		{01F3C095-FAAF-45AC-996D-291E7055B840}.Release|Any CPU.Build.0 = Release|Any CPU
		{01F3C095-FAAF-45AC-996D-291E7055B840}.Release|arm64.ActiveCfg = Release|Any CPU
		{01F3C095-FAAF-45AC-996D-291E7055B840}.Release|arm64.Build.0 = Release|Any CPU
		{01F3C095-FAAF-45AC-996D-291E7055B840}.Release|x86.ActiveCfg = Release|Any CPU
		{01F3C095-FAAF-45AC-996D-291E7055B840}.Release|x86.Build.0 = Release|Any CPU
		{01F3C095-FAAF-45AC-996D-291E7055B840}.Sources|Any CPU.ActiveCfg = Release|Any CPU
		{01F3C095-FAAF-45AC-996D-291E7055B840}.Sources|Any CPU.Build.0 = Release|Any CPU
		{01F3C095-FAAF-45AC-996D-291E7055B840}.Sources|arm64.ActiveCfg = Release|Any CPU
		{01F3C095-FAAF-45AC-996D-291E7055B840}.Sources|arm64.Build.0 = Release|Any CPU
		{01F3C095-FAAF-45AC-996D-291E7055B840}.Sources|x86.ActiveCfg = Release|Any CPU
		{01F3C095-FAAF-45AC-996D-291E7055B840}.Sources|x86.Build.0 = Release|Any CPU
		{35849097-F08B-40D6-879F-9FE8090B9374}.Debug|Any CPU.ActiveCfg = Debug|Any CPU
		{35849097-F08B-40D6-879F-9FE8090B9374}.Debug|Any CPU.Build.0 = Debug|Any CPU
		{35849097-F08B-40D6-879F-9FE8090B9374}.Debug|arm64.ActiveCfg = Debug|Any CPU
		{35849097-F08B-40D6-879F-9FE8090B9374}.Debug|arm64.Build.0 = Debug|Any CPU
		{35849097-F08B-40D6-879F-9FE8090B9374}.Debug|x86.ActiveCfg = Debug|Any CPU
		{35849097-F08B-40D6-879F-9FE8090B9374}.Debug|x86.Build.0 = Debug|Any CPU
		{35849097-F08B-40D6-879F-9FE8090B9374}.Release|Any CPU.ActiveCfg = Release|Any CPU
		{35849097-F08B-40D6-879F-9FE8090B9374}.Release|Any CPU.Build.0 = Release|Any CPU
		{35849097-F08B-40D6-879F-9FE8090B9374}.Release|arm64.ActiveCfg = Release|Any CPU
		{35849097-F08B-40D6-879F-9FE8090B9374}.Release|arm64.Build.0 = Release|Any CPU
		{35849097-F08B-40D6-879F-9FE8090B9374}.Release|x86.ActiveCfg = Release|Any CPU
		{35849097-F08B-40D6-879F-9FE8090B9374}.Release|x86.Build.0 = Release|Any CPU
		{35849097-F08B-40D6-879F-9FE8090B9374}.Sources|Any CPU.ActiveCfg = Release|Any CPU
		{35849097-F08B-40D6-879F-9FE8090B9374}.Sources|Any CPU.Build.0 = Release|Any CPU
		{35849097-F08B-40D6-879F-9FE8090B9374}.Sources|arm64.ActiveCfg = Release|Any CPU
		{35849097-F08B-40D6-879F-9FE8090B9374}.Sources|arm64.Build.0 = Release|Any CPU
		{35849097-F08B-40D6-879F-9FE8090B9374}.Sources|x86.ActiveCfg = Release|Any CPU
		{35849097-F08B-40D6-879F-9FE8090B9374}.Sources|x86.Build.0 = Release|Any CPU
		{45D56C3E-5D8C-490D-88F7-AADDDD017BEC}.Debug|Any CPU.ActiveCfg = Debug|Any CPU
		{45D56C3E-5D8C-490D-88F7-AADDDD017BEC}.Debug|Any CPU.Build.0 = Debug|Any CPU
		{45D56C3E-5D8C-490D-88F7-AADDDD017BEC}.Debug|arm64.ActiveCfg = Debug|Any CPU
		{45D56C3E-5D8C-490D-88F7-AADDDD017BEC}.Debug|arm64.Build.0 = Debug|Any CPU
		{45D56C3E-5D8C-490D-88F7-AADDDD017BEC}.Debug|x86.ActiveCfg = Debug|Any CPU
		{45D56C3E-5D8C-490D-88F7-AADDDD017BEC}.Debug|x86.Build.0 = Debug|Any CPU
		{45D56C3E-5D8C-490D-88F7-AADDDD017BEC}.Release|Any CPU.ActiveCfg = Release|Any CPU
		{45D56C3E-5D8C-490D-88F7-AADDDD017BEC}.Release|Any CPU.Build.0 = Release|Any CPU
		{45D56C3E-5D8C-490D-88F7-AADDDD017BEC}.Release|arm64.ActiveCfg = Release|Any CPU
		{45D56C3E-5D8C-490D-88F7-AADDDD017BEC}.Release|arm64.Build.0 = Release|Any CPU
		{45D56C3E-5D8C-490D-88F7-AADDDD017BEC}.Release|x86.ActiveCfg = Release|Any CPU
		{45D56C3E-5D8C-490D-88F7-AADDDD017BEC}.Release|x86.Build.0 = Release|Any CPU
		{45D56C3E-5D8C-490D-88F7-AADDDD017BEC}.Sources|Any CPU.ActiveCfg = Sources|Any CPU
		{45D56C3E-5D8C-490D-88F7-AADDDD017BEC}.Sources|Any CPU.Build.0 = Sources|Any CPU
		{45D56C3E-5D8C-490D-88F7-AADDDD017BEC}.Sources|arm64.ActiveCfg = Sources|Any CPU
		{45D56C3E-5D8C-490D-88F7-AADDDD017BEC}.Sources|arm64.Build.0 = Sources|Any CPU
		{45D56C3E-5D8C-490D-88F7-AADDDD017BEC}.Sources|x86.ActiveCfg = Sources|Any CPU
		{45D56C3E-5D8C-490D-88F7-AADDDD017BEC}.Sources|x86.Build.0 = Sources|Any CPU
		{9731C77F-8B1F-4F0D-9E66-13B8E6DE078A}.Debug|Any CPU.ActiveCfg = Debug|Any CPU
		{9731C77F-8B1F-4F0D-9E66-13B8E6DE078A}.Debug|Any CPU.Build.0 = Debug|Any CPU
		{9731C77F-8B1F-4F0D-9E66-13B8E6DE078A}.Debug|arm64.ActiveCfg = Debug|Any CPU
		{9731C77F-8B1F-4F0D-9E66-13B8E6DE078A}.Debug|arm64.Build.0 = Debug|Any CPU
		{9731C77F-8B1F-4F0D-9E66-13B8E6DE078A}.Debug|x86.ActiveCfg = Debug|Any CPU
		{9731C77F-8B1F-4F0D-9E66-13B8E6DE078A}.Debug|x86.Build.0 = Debug|Any CPU
		{9731C77F-8B1F-4F0D-9E66-13B8E6DE078A}.Release|Any CPU.ActiveCfg = Release|Any CPU
		{9731C77F-8B1F-4F0D-9E66-13B8E6DE078A}.Release|Any CPU.Build.0 = Release|Any CPU
		{9731C77F-8B1F-4F0D-9E66-13B8E6DE078A}.Release|arm64.ActiveCfg = Release|Any CPU
		{9731C77F-8B1F-4F0D-9E66-13B8E6DE078A}.Release|arm64.Build.0 = Release|Any CPU
		{9731C77F-8B1F-4F0D-9E66-13B8E6DE078A}.Release|x86.ActiveCfg = Release|Any CPU
		{9731C77F-8B1F-4F0D-9E66-13B8E6DE078A}.Release|x86.Build.0 = Release|Any CPU
		{9731C77F-8B1F-4F0D-9E66-13B8E6DE078A}.Sources|Any CPU.ActiveCfg = Debug|Any CPU
		{9731C77F-8B1F-4F0D-9E66-13B8E6DE078A}.Sources|Any CPU.Build.0 = Debug|Any CPU
		{9731C77F-8B1F-4F0D-9E66-13B8E6DE078A}.Sources|arm64.ActiveCfg = Debug|Any CPU
		{9731C77F-8B1F-4F0D-9E66-13B8E6DE078A}.Sources|arm64.Build.0 = Debug|Any CPU
		{9731C77F-8B1F-4F0D-9E66-13B8E6DE078A}.Sources|x86.ActiveCfg = Debug|Any CPU
		{9731C77F-8B1F-4F0D-9E66-13B8E6DE078A}.Sources|x86.Build.0 = Debug|Any CPU
		{D06A26D9-6E72-44F5-8BBE-39425FBA6E4F}.Debug|Any CPU.ActiveCfg = Debug|Any CPU
		{D06A26D9-6E72-44F5-8BBE-39425FBA6E4F}.Debug|Any CPU.Build.0 = Debug|Any CPU
		{D06A26D9-6E72-44F5-8BBE-39425FBA6E4F}.Debug|arm64.ActiveCfg = Debug|Any CPU
		{D06A26D9-6E72-44F5-8BBE-39425FBA6E4F}.Debug|arm64.Build.0 = Debug|Any CPU
		{D06A26D9-6E72-44F5-8BBE-39425FBA6E4F}.Debug|x86.ActiveCfg = Debug|Any CPU
		{D06A26D9-6E72-44F5-8BBE-39425FBA6E4F}.Debug|x86.Build.0 = Debug|Any CPU
		{D06A26D9-6E72-44F5-8BBE-39425FBA6E4F}.Release|Any CPU.ActiveCfg = Release|Any CPU
		{D06A26D9-6E72-44F5-8BBE-39425FBA6E4F}.Release|Any CPU.Build.0 = Release|Any CPU
		{D06A26D9-6E72-44F5-8BBE-39425FBA6E4F}.Release|arm64.ActiveCfg = Release|Any CPU
		{D06A26D9-6E72-44F5-8BBE-39425FBA6E4F}.Release|arm64.Build.0 = Release|Any CPU
		{D06A26D9-6E72-44F5-8BBE-39425FBA6E4F}.Release|x86.ActiveCfg = Release|Any CPU
		{D06A26D9-6E72-44F5-8BBE-39425FBA6E4F}.Release|x86.Build.0 = Release|Any CPU
		{D06A26D9-6E72-44F5-8BBE-39425FBA6E4F}.Sources|Any CPU.ActiveCfg = Debug|Any CPU
		{D06A26D9-6E72-44F5-8BBE-39425FBA6E4F}.Sources|Any CPU.Build.0 = Debug|Any CPU
		{D06A26D9-6E72-44F5-8BBE-39425FBA6E4F}.Sources|arm64.ActiveCfg = Debug|Any CPU
		{D06A26D9-6E72-44F5-8BBE-39425FBA6E4F}.Sources|arm64.Build.0 = Debug|Any CPU
		{D06A26D9-6E72-44F5-8BBE-39425FBA6E4F}.Sources|x86.ActiveCfg = Debug|Any CPU
		{D06A26D9-6E72-44F5-8BBE-39425FBA6E4F}.Sources|x86.Build.0 = Debug|Any CPU
		{9C1F1E81-92D6-41F4-91FF-6504F0EA06CC}.Debug|Any CPU.ActiveCfg = Debug|Any CPU
		{9C1F1E81-92D6-41F4-91FF-6504F0EA06CC}.Debug|Any CPU.Build.0 = Debug|Any CPU
		{9C1F1E81-92D6-41F4-91FF-6504F0EA06CC}.Debug|arm64.ActiveCfg = Debug|Any CPU
		{9C1F1E81-92D6-41F4-91FF-6504F0EA06CC}.Debug|arm64.Build.0 = Debug|Any CPU
		{9C1F1E81-92D6-41F4-91FF-6504F0EA06CC}.Debug|x86.ActiveCfg = Debug|Any CPU
		{9C1F1E81-92D6-41F4-91FF-6504F0EA06CC}.Debug|x86.Build.0 = Debug|Any CPU
		{9C1F1E81-92D6-41F4-91FF-6504F0EA06CC}.Release|Any CPU.ActiveCfg = Release|Any CPU
		{9C1F1E81-92D6-41F4-91FF-6504F0EA06CC}.Release|Any CPU.Build.0 = Release|Any CPU
		{9C1F1E81-92D6-41F4-91FF-6504F0EA06CC}.Release|arm64.ActiveCfg = Release|Any CPU
		{9C1F1E81-92D6-41F4-91FF-6504F0EA06CC}.Release|arm64.Build.0 = Release|Any CPU
		{9C1F1E81-92D6-41F4-91FF-6504F0EA06CC}.Release|x86.ActiveCfg = Release|Any CPU
		{9C1F1E81-92D6-41F4-91FF-6504F0EA06CC}.Release|x86.Build.0 = Release|Any CPU
		{9C1F1E81-92D6-41F4-91FF-6504F0EA06CC}.Sources|Any CPU.ActiveCfg = Debug|Any CPU
		{9C1F1E81-92D6-41F4-91FF-6504F0EA06CC}.Sources|Any CPU.Build.0 = Debug|Any CPU
		{9C1F1E81-92D6-41F4-91FF-6504F0EA06CC}.Sources|arm64.ActiveCfg = Debug|Any CPU
		{9C1F1E81-92D6-41F4-91FF-6504F0EA06CC}.Sources|arm64.Build.0 = Debug|Any CPU
		{9C1F1E81-92D6-41F4-91FF-6504F0EA06CC}.Sources|x86.ActiveCfg = Debug|Any CPU
		{9C1F1E81-92D6-41F4-91FF-6504F0EA06CC}.Sources|x86.Build.0 = Debug|Any CPU
		{056AA646-EB9B-42D1-8B54-33F11DE44AA8}.Debug|Any CPU.ActiveCfg = Debug|Any CPU
		{056AA646-EB9B-42D1-8B54-33F11DE44AA8}.Debug|Any CPU.Build.0 = Debug|Any CPU
		{056AA646-EB9B-42D1-8B54-33F11DE44AA8}.Debug|arm64.ActiveCfg = Debug|Any CPU
		{056AA646-EB9B-42D1-8B54-33F11DE44AA8}.Debug|arm64.Build.0 = Debug|Any CPU
		{056AA646-EB9B-42D1-8B54-33F11DE44AA8}.Debug|x86.ActiveCfg = Debug|Any CPU
		{056AA646-EB9B-42D1-8B54-33F11DE44AA8}.Debug|x86.Build.0 = Debug|Any CPU
		{056AA646-EB9B-42D1-8B54-33F11DE44AA8}.Release|Any CPU.ActiveCfg = Release|Any CPU
		{056AA646-EB9B-42D1-8B54-33F11DE44AA8}.Release|Any CPU.Build.0 = Release|Any CPU
		{056AA646-EB9B-42D1-8B54-33F11DE44AA8}.Release|arm64.ActiveCfg = Release|Any CPU
		{056AA646-EB9B-42D1-8B54-33F11DE44AA8}.Release|arm64.Build.0 = Release|Any CPU
		{056AA646-EB9B-42D1-8B54-33F11DE44AA8}.Release|x86.ActiveCfg = Release|Any CPU
		{056AA646-EB9B-42D1-8B54-33F11DE44AA8}.Release|x86.Build.0 = Release|Any CPU
		{056AA646-EB9B-42D1-8B54-33F11DE44AA8}.Sources|Any CPU.ActiveCfg = Debug|Any CPU
		{056AA646-EB9B-42D1-8B54-33F11DE44AA8}.Sources|Any CPU.Build.0 = Debug|Any CPU
		{056AA646-EB9B-42D1-8B54-33F11DE44AA8}.Sources|arm64.ActiveCfg = Debug|Any CPU
		{056AA646-EB9B-42D1-8B54-33F11DE44AA8}.Sources|arm64.Build.0 = Debug|Any CPU
		{056AA646-EB9B-42D1-8B54-33F11DE44AA8}.Sources|x86.ActiveCfg = Debug|Any CPU
		{056AA646-EB9B-42D1-8B54-33F11DE44AA8}.Sources|x86.Build.0 = Debug|Any CPU
		{81881EC5-6FA9-49EE-9310-50C2C8B1EB5C}.Debug|Any CPU.ActiveCfg = Debug|Any CPU
		{81881EC5-6FA9-49EE-9310-50C2C8B1EB5C}.Debug|Any CPU.Build.0 = Debug|Any CPU
		{81881EC5-6FA9-49EE-9310-50C2C8B1EB5C}.Debug|arm64.ActiveCfg = Debug|Any CPU
		{81881EC5-6FA9-49EE-9310-50C2C8B1EB5C}.Debug|arm64.Build.0 = Debug|Any CPU
		{81881EC5-6FA9-49EE-9310-50C2C8B1EB5C}.Debug|x86.ActiveCfg = Debug|Any CPU
		{81881EC5-6FA9-49EE-9310-50C2C8B1EB5C}.Debug|x86.Build.0 = Debug|Any CPU
		{81881EC5-6FA9-49EE-9310-50C2C8B1EB5C}.Release|Any CPU.ActiveCfg = Release|Any CPU
		{81881EC5-6FA9-49EE-9310-50C2C8B1EB5C}.Release|Any CPU.Build.0 = Release|Any CPU
		{81881EC5-6FA9-49EE-9310-50C2C8B1EB5C}.Release|arm64.ActiveCfg = Release|Any CPU
		{81881EC5-6FA9-49EE-9310-50C2C8B1EB5C}.Release|arm64.Build.0 = Release|Any CPU
		{81881EC5-6FA9-49EE-9310-50C2C8B1EB5C}.Release|x86.ActiveCfg = Release|Any CPU
		{81881EC5-6FA9-49EE-9310-50C2C8B1EB5C}.Release|x86.Build.0 = Release|Any CPU
		{81881EC5-6FA9-49EE-9310-50C2C8B1EB5C}.Sources|Any CPU.ActiveCfg = Debug|Any CPU
		{81881EC5-6FA9-49EE-9310-50C2C8B1EB5C}.Sources|Any CPU.Build.0 = Debug|Any CPU
		{81881EC5-6FA9-49EE-9310-50C2C8B1EB5C}.Sources|arm64.ActiveCfg = Debug|Any CPU
		{81881EC5-6FA9-49EE-9310-50C2C8B1EB5C}.Sources|arm64.Build.0 = Debug|Any CPU
		{81881EC5-6FA9-49EE-9310-50C2C8B1EB5C}.Sources|x86.ActiveCfg = Debug|Any CPU
		{81881EC5-6FA9-49EE-9310-50C2C8B1EB5C}.Sources|x86.Build.0 = Debug|Any CPU
		{A112B5FD-253E-4D90-ABD4-92D7C4FEEE55}.Debug|Any CPU.ActiveCfg = Debug|Any CPU
		{A112B5FD-253E-4D90-ABD4-92D7C4FEEE55}.Debug|Any CPU.Build.0 = Debug|Any CPU
		{A112B5FD-253E-4D90-ABD4-92D7C4FEEE55}.Debug|arm64.ActiveCfg = Debug|Any CPU
		{A112B5FD-253E-4D90-ABD4-92D7C4FEEE55}.Debug|arm64.Build.0 = Debug|Any CPU
		{A112B5FD-253E-4D90-ABD4-92D7C4FEEE55}.Debug|x86.ActiveCfg = Debug|Any CPU
		{A112B5FD-253E-4D90-ABD4-92D7C4FEEE55}.Debug|x86.Build.0 = Debug|Any CPU
		{A112B5FD-253E-4D90-ABD4-92D7C4FEEE55}.Release|Any CPU.ActiveCfg = Release|Any CPU
		{A112B5FD-253E-4D90-ABD4-92D7C4FEEE55}.Release|Any CPU.Build.0 = Release|Any CPU
		{A112B5FD-253E-4D90-ABD4-92D7C4FEEE55}.Release|arm64.ActiveCfg = Release|Any CPU
		{A112B5FD-253E-4D90-ABD4-92D7C4FEEE55}.Release|arm64.Build.0 = Release|Any CPU
		{A112B5FD-253E-4D90-ABD4-92D7C4FEEE55}.Release|x86.ActiveCfg = Release|Any CPU
		{A112B5FD-253E-4D90-ABD4-92D7C4FEEE55}.Release|x86.Build.0 = Release|Any CPU
		{A112B5FD-253E-4D90-ABD4-92D7C4FEEE55}.Sources|Any CPU.ActiveCfg = Debug|Any CPU
		{A112B5FD-253E-4D90-ABD4-92D7C4FEEE55}.Sources|Any CPU.Build.0 = Debug|Any CPU
		{A112B5FD-253E-4D90-ABD4-92D7C4FEEE55}.Sources|arm64.ActiveCfg = Debug|Any CPU
		{A112B5FD-253E-4D90-ABD4-92D7C4FEEE55}.Sources|arm64.Build.0 = Debug|Any CPU
		{A112B5FD-253E-4D90-ABD4-92D7C4FEEE55}.Sources|x86.ActiveCfg = Debug|Any CPU
		{A112B5FD-253E-4D90-ABD4-92D7C4FEEE55}.Sources|x86.Build.0 = Debug|Any CPU
		{4546334C-3D5E-42DB-A017-22D3E931633F}.Debug|Any CPU.ActiveCfg = Debug|Any CPU
		{4546334C-3D5E-42DB-A017-22D3E931633F}.Debug|Any CPU.Build.0 = Debug|Any CPU
		{4546334C-3D5E-42DB-A017-22D3E931633F}.Debug|arm64.ActiveCfg = Debug|Any CPU
		{4546334C-3D5E-42DB-A017-22D3E931633F}.Debug|arm64.Build.0 = Debug|Any CPU
		{4546334C-3D5E-42DB-A017-22D3E931633F}.Debug|x86.ActiveCfg = Debug|Any CPU
		{4546334C-3D5E-42DB-A017-22D3E931633F}.Debug|x86.Build.0 = Debug|Any CPU
		{4546334C-3D5E-42DB-A017-22D3E931633F}.Release|Any CPU.ActiveCfg = Release|Any CPU
		{4546334C-3D5E-42DB-A017-22D3E931633F}.Release|Any CPU.Build.0 = Release|Any CPU
		{4546334C-3D5E-42DB-A017-22D3E931633F}.Release|arm64.ActiveCfg = Release|Any CPU
		{4546334C-3D5E-42DB-A017-22D3E931633F}.Release|arm64.Build.0 = Release|Any CPU
		{4546334C-3D5E-42DB-A017-22D3E931633F}.Release|x86.ActiveCfg = Release|Any CPU
		{4546334C-3D5E-42DB-A017-22D3E931633F}.Release|x86.Build.0 = Release|Any CPU
		{4546334C-3D5E-42DB-A017-22D3E931633F}.Sources|Any CPU.ActiveCfg = Debug|Any CPU
		{4546334C-3D5E-42DB-A017-22D3E931633F}.Sources|Any CPU.Build.0 = Debug|Any CPU
		{4546334C-3D5E-42DB-A017-22D3E931633F}.Sources|arm64.ActiveCfg = Debug|Any CPU
		{4546334C-3D5E-42DB-A017-22D3E931633F}.Sources|arm64.Build.0 = Debug|Any CPU
		{4546334C-3D5E-42DB-A017-22D3E931633F}.Sources|x86.ActiveCfg = Debug|Any CPU
		{4546334C-3D5E-42DB-A017-22D3E931633F}.Sources|x86.Build.0 = Debug|Any CPU
		{75785EBD-14DC-463A-AD50-ED046F39A5AC}.Debug|Any CPU.ActiveCfg = Debug|Any CPU
		{75785EBD-14DC-463A-AD50-ED046F39A5AC}.Debug|Any CPU.Build.0 = Debug|Any CPU
		{75785EBD-14DC-463A-AD50-ED046F39A5AC}.Debug|arm64.ActiveCfg = Debug|Any CPU
		{75785EBD-14DC-463A-AD50-ED046F39A5AC}.Debug|arm64.Build.0 = Debug|Any CPU
		{75785EBD-14DC-463A-AD50-ED046F39A5AC}.Debug|x86.ActiveCfg = Debug|Any CPU
		{75785EBD-14DC-463A-AD50-ED046F39A5AC}.Debug|x86.Build.0 = Debug|Any CPU
		{75785EBD-14DC-463A-AD50-ED046F39A5AC}.Release|Any CPU.ActiveCfg = Release|Any CPU
		{75785EBD-14DC-463A-AD50-ED046F39A5AC}.Release|Any CPU.Build.0 = Release|Any CPU
		{75785EBD-14DC-463A-AD50-ED046F39A5AC}.Release|arm64.ActiveCfg = Release|Any CPU
		{75785EBD-14DC-463A-AD50-ED046F39A5AC}.Release|arm64.Build.0 = Release|Any CPU
		{75785EBD-14DC-463A-AD50-ED046F39A5AC}.Release|x86.ActiveCfg = Release|Any CPU
		{75785EBD-14DC-463A-AD50-ED046F39A5AC}.Release|x86.Build.0 = Release|Any CPU
		{75785EBD-14DC-463A-AD50-ED046F39A5AC}.Sources|Any CPU.ActiveCfg = Debug|Any CPU
		{75785EBD-14DC-463A-AD50-ED046F39A5AC}.Sources|Any CPU.Build.0 = Debug|Any CPU
		{75785EBD-14DC-463A-AD50-ED046F39A5AC}.Sources|arm64.ActiveCfg = Debug|Any CPU
		{75785EBD-14DC-463A-AD50-ED046F39A5AC}.Sources|arm64.Build.0 = Debug|Any CPU
		{75785EBD-14DC-463A-AD50-ED046F39A5AC}.Sources|x86.ActiveCfg = Debug|Any CPU
		{75785EBD-14DC-463A-AD50-ED046F39A5AC}.Sources|x86.Build.0 = Debug|Any CPU
		{F18BA290-AFB9-4EEF-8281-30F3F32A0265}.Debug|Any CPU.ActiveCfg = Debug|Any CPU
		{F18BA290-AFB9-4EEF-8281-30F3F32A0265}.Debug|Any CPU.Build.0 = Debug|Any CPU
		{F18BA290-AFB9-4EEF-8281-30F3F32A0265}.Debug|arm64.ActiveCfg = Debug|Any CPU
		{F18BA290-AFB9-4EEF-8281-30F3F32A0265}.Debug|arm64.Build.0 = Debug|Any CPU
		{F18BA290-AFB9-4EEF-8281-30F3F32A0265}.Debug|x86.ActiveCfg = Debug|Any CPU
		{F18BA290-AFB9-4EEF-8281-30F3F32A0265}.Debug|x86.Build.0 = Debug|Any CPU
		{F18BA290-AFB9-4EEF-8281-30F3F32A0265}.Release|Any CPU.ActiveCfg = Release|Any CPU
		{F18BA290-AFB9-4EEF-8281-30F3F32A0265}.Release|Any CPU.Build.0 = Release|Any CPU
		{F18BA290-AFB9-4EEF-8281-30F3F32A0265}.Release|arm64.ActiveCfg = Release|Any CPU
		{F18BA290-AFB9-4EEF-8281-30F3F32A0265}.Release|arm64.Build.0 = Release|Any CPU
		{F18BA290-AFB9-4EEF-8281-30F3F32A0265}.Release|x86.ActiveCfg = Release|Any CPU
		{F18BA290-AFB9-4EEF-8281-30F3F32A0265}.Release|x86.Build.0 = Release|Any CPU
		{F18BA290-AFB9-4EEF-8281-30F3F32A0265}.Sources|Any CPU.ActiveCfg = Debug|Any CPU
		{F18BA290-AFB9-4EEF-8281-30F3F32A0265}.Sources|Any CPU.Build.0 = Debug|Any CPU
		{F18BA290-AFB9-4EEF-8281-30F3F32A0265}.Sources|arm64.ActiveCfg = Debug|Any CPU
		{F18BA290-AFB9-4EEF-8281-30F3F32A0265}.Sources|arm64.Build.0 = Debug|Any CPU
		{F18BA290-AFB9-4EEF-8281-30F3F32A0265}.Sources|x86.ActiveCfg = Debug|Any CPU
		{F18BA290-AFB9-4EEF-8281-30F3F32A0265}.Sources|x86.Build.0 = Debug|Any CPU
		{99ED2062-8DD2-4969-972C-C9DC81EBF869}.Debug|Any CPU.ActiveCfg = Debug|Any CPU
		{99ED2062-8DD2-4969-972C-C9DC81EBF869}.Debug|Any CPU.Build.0 = Debug|Any CPU
		{99ED2062-8DD2-4969-972C-C9DC81EBF869}.Debug|arm64.ActiveCfg = Debug|arm64
		{99ED2062-8DD2-4969-972C-C9DC81EBF869}.Debug|arm64.Build.0 = Debug|arm64
		{99ED2062-8DD2-4969-972C-C9DC81EBF869}.Debug|x86.ActiveCfg = Debug|x86
		{99ED2062-8DD2-4969-972C-C9DC81EBF869}.Debug|x86.Build.0 = Debug|x86
		{99ED2062-8DD2-4969-972C-C9DC81EBF869}.Release|Any CPU.ActiveCfg = Release|Any CPU
		{99ED2062-8DD2-4969-972C-C9DC81EBF869}.Release|Any CPU.Build.0 = Release|Any CPU
		{99ED2062-8DD2-4969-972C-C9DC81EBF869}.Release|arm64.ActiveCfg = Release|arm64
		{99ED2062-8DD2-4969-972C-C9DC81EBF869}.Release|arm64.Build.0 = Release|arm64
		{99ED2062-8DD2-4969-972C-C9DC81EBF869}.Release|x86.ActiveCfg = Release|x86
		{99ED2062-8DD2-4969-972C-C9DC81EBF869}.Release|x86.Build.0 = Release|x86
		{99ED2062-8DD2-4969-972C-C9DC81EBF869}.Sources|Any CPU.ActiveCfg = Debug|Any CPU
		{99ED2062-8DD2-4969-972C-C9DC81EBF869}.Sources|Any CPU.Build.0 = Debug|Any CPU
		{99ED2062-8DD2-4969-972C-C9DC81EBF869}.Sources|arm64.ActiveCfg = Debug|arm64
		{99ED2062-8DD2-4969-972C-C9DC81EBF869}.Sources|arm64.Build.0 = Debug|arm64
		{99ED2062-8DD2-4969-972C-C9DC81EBF869}.Sources|x86.ActiveCfg = Debug|x86
		{99ED2062-8DD2-4969-972C-C9DC81EBF869}.Sources|x86.Build.0 = Debug|x86
		{90BA4A89-26AA-4E2D-86EF-F5CC2420EB61}.Debug|Any CPU.ActiveCfg = Debug|Any CPU
		{90BA4A89-26AA-4E2D-86EF-F5CC2420EB61}.Debug|Any CPU.Build.0 = Debug|Any CPU
		{90BA4A89-26AA-4E2D-86EF-F5CC2420EB61}.Debug|arm64.ActiveCfg = Debug|arm64
		{90BA4A89-26AA-4E2D-86EF-F5CC2420EB61}.Debug|arm64.Build.0 = Debug|arm64
		{90BA4A89-26AA-4E2D-86EF-F5CC2420EB61}.Debug|x86.ActiveCfg = Debug|x86
		{90BA4A89-26AA-4E2D-86EF-F5CC2420EB61}.Debug|x86.Build.0 = Debug|x86
		{90BA4A89-26AA-4E2D-86EF-F5CC2420EB61}.Release|Any CPU.ActiveCfg = Release|Any CPU
		{90BA4A89-26AA-4E2D-86EF-F5CC2420EB61}.Release|Any CPU.Build.0 = Release|Any CPU
		{90BA4A89-26AA-4E2D-86EF-F5CC2420EB61}.Release|arm64.ActiveCfg = Release|arm64
		{90BA4A89-26AA-4E2D-86EF-F5CC2420EB61}.Release|arm64.Build.0 = Release|arm64
		{90BA4A89-26AA-4E2D-86EF-F5CC2420EB61}.Release|x86.ActiveCfg = Release|x86
		{90BA4A89-26AA-4E2D-86EF-F5CC2420EB61}.Release|x86.Build.0 = Release|x86
		{90BA4A89-26AA-4E2D-86EF-F5CC2420EB61}.Sources|Any CPU.ActiveCfg = Debug|Any CPU
		{90BA4A89-26AA-4E2D-86EF-F5CC2420EB61}.Sources|Any CPU.Build.0 = Debug|Any CPU
		{90BA4A89-26AA-4E2D-86EF-F5CC2420EB61}.Sources|arm64.ActiveCfg = Debug|arm64
		{90BA4A89-26AA-4E2D-86EF-F5CC2420EB61}.Sources|arm64.Build.0 = Debug|arm64
		{90BA4A89-26AA-4E2D-86EF-F5CC2420EB61}.Sources|x86.ActiveCfg = Debug|x86
		{90BA4A89-26AA-4E2D-86EF-F5CC2420EB61}.Sources|x86.Build.0 = Debug|x86
		{72198956-89B5-48F4-B209-A963504B5279}.Debug|Any CPU.ActiveCfg = Debug|Any CPU
		{72198956-89B5-48F4-B209-A963504B5279}.Debug|Any CPU.Build.0 = Debug|Any CPU
		{72198956-89B5-48F4-B209-A963504B5279}.Debug|arm64.ActiveCfg = Debug|arm64
		{72198956-89B5-48F4-B209-A963504B5279}.Debug|arm64.Build.0 = Debug|arm64
		{72198956-89B5-48F4-B209-A963504B5279}.Debug|x86.ActiveCfg = Debug|x86
		{72198956-89B5-48F4-B209-A963504B5279}.Debug|x86.Build.0 = Debug|x86
		{72198956-89B5-48F4-B209-A963504B5279}.Release|Any CPU.ActiveCfg = Release|Any CPU
		{72198956-89B5-48F4-B209-A963504B5279}.Release|Any CPU.Build.0 = Release|Any CPU
		{72198956-89B5-48F4-B209-A963504B5279}.Release|arm64.ActiveCfg = Release|arm64
		{72198956-89B5-48F4-B209-A963504B5279}.Release|arm64.Build.0 = Release|arm64
		{72198956-89B5-48F4-B209-A963504B5279}.Release|x86.ActiveCfg = Release|x86
		{72198956-89B5-48F4-B209-A963504B5279}.Release|x86.Build.0 = Release|x86
		{72198956-89B5-48F4-B209-A963504B5279}.Sources|Any CPU.ActiveCfg = Debug|Any CPU
		{72198956-89B5-48F4-B209-A963504B5279}.Sources|Any CPU.Build.0 = Debug|Any CPU
		{72198956-89B5-48F4-B209-A963504B5279}.Sources|arm64.ActiveCfg = Debug|arm64
		{72198956-89B5-48F4-B209-A963504B5279}.Sources|arm64.Build.0 = Debug|arm64
		{72198956-89B5-48F4-B209-A963504B5279}.Sources|x86.ActiveCfg = Debug|x86
		{72198956-89B5-48F4-B209-A963504B5279}.Sources|x86.Build.0 = Debug|x86
	EndGlobalSection
	GlobalSection(SolutionProperties) = preSolution
		HideSolutionNode = FALSE
	EndGlobalSection
	GlobalSection(NestedProjects) = preSolution
		{C37F3131-9C5E-4B79-B277-45E0A0150757} = {8DC77034-0F3C-40E6-A352-B157BCB85462}
		{4BD9724D-1344-4E51-9198-79DD9C9114B9} = {3244104A-4F62-488E-8DA9-B1FEB2E367E7}
		{61F46ECE-B253-4F9E-9CFC-9D0F5AFA518F} = {3244104A-4F62-488E-8DA9-B1FEB2E367E7}
		{406C292A-8321-417E-A49F-4AC86D8A37D6} = {3244104A-4F62-488E-8DA9-B1FEB2E367E7}
		{17BC4574-1774-4068-9CFB-70B5E76CB4FD} = {A0717F4C-8EED-4659-B72F-50DB73E1F64E}
		{58238C93-CD2D-4916-B44A-B280EB3140E7} = {86A6FC48-CF63-4A0F-A842-A4B96CAF4EDF}
		{3D87B9FF-6152-47D3-BB4B-F9A02960B89E} = {86A6FC48-CF63-4A0F-A842-A4B96CAF4EDF}
		{9C1A30FD-FF32-47E0-8FBA-8C994AC66553} = {3D87B9FF-6152-47D3-BB4B-F9A02960B89E}
		{F54AA3E2-F4BF-4C94-8AC9-A476265A70BF} = {8DC77034-0F3C-40E6-A352-B157BCB85462}
		{368DF89F-7DD7-49D0-B290-E7E8D3347A07} = {A0717F4C-8EED-4659-B72F-50DB73E1F64E}
		{6BEB5580-14FB-47D4-BC29-0048B4F35DEF} = {86A6FC48-CF63-4A0F-A842-A4B96CAF4EDF}
		{A0BFF0DB-ED9A-4639-AE86-8E709A1EFC66} = {A0717F4C-8EED-4659-B72F-50DB73E1F64E}
		{73CDE663-0364-4EBB-8CD2-21026E201992} = {0A59A8D2-498C-4475-A722-21F7ACB87069}
		{A38EDABA-2CE2-41CF-A37A-B7D5CB09EBC0} = {8DC77034-0F3C-40E6-A352-B157BCB85462}
		{2A278AEF-1A96-448D-B7EF-FC2CCF061CDF} = {86A6FC48-CF63-4A0F-A842-A4B96CAF4EDF}
		{36CD0E5D-C7E9-4B85-902B-D6C7AFABDF66} = {3D87B9FF-6152-47D3-BB4B-F9A02960B89E}
		{5EADA594-B621-4D56-96EF-5805B317B88C} = {8DC77034-0F3C-40E6-A352-B157BCB85462}
		{7C13A3BF-7652-4AD4-A144-5C94AA0745EE} = {1A0F0987-AEA7-44D2-A9A4-4D9BE6FC0365}
		{01F3C095-FAAF-45AC-996D-291E7055B840} = {1A0F0987-AEA7-44D2-A9A4-4D9BE6FC0365}
		{1A0F0987-AEA7-44D2-A9A4-4D9BE6FC0365} = {A0717F4C-8EED-4659-B72F-50DB73E1F64E}
		{35849097-F08B-40D6-879F-9FE8090B9374} = {1A0F0987-AEA7-44D2-A9A4-4D9BE6FC0365}
		{45D56C3E-5D8C-490D-88F7-AADDDD017BEC} = {A0717F4C-8EED-4659-B72F-50DB73E1F64E}
		{9731C77F-8B1F-4F0D-9E66-13B8E6DE078A} = {A0717F4C-8EED-4659-B72F-50DB73E1F64E}
		{D06A26D9-6E72-44F5-8BBE-39425FBA6E4F} = {86A6FC48-CF63-4A0F-A842-A4B96CAF4EDF}
		{9C1F1E81-92D6-41F4-91FF-6504F0EA06CC} = {1A0F0987-AEA7-44D2-A9A4-4D9BE6FC0365}
		{5A143780-ECF3-42C5-B439-57F2455A0A8A} = {A0717F4C-8EED-4659-B72F-50DB73E1F64E}
		{056AA646-EB9B-42D1-8B54-33F11DE44AA8} = {5A143780-ECF3-42C5-B439-57F2455A0A8A}
		{81881EC5-6FA9-49EE-9310-50C2C8B1EB5C} = {8DC77034-0F3C-40E6-A352-B157BCB85462}
		{A112B5FD-253E-4D90-ABD4-92D7C4FEEE55} = {5A143780-ECF3-42C5-B439-57F2455A0A8A}
		{4546334C-3D5E-42DB-A017-22D3E931633F} = {A0717F4C-8EED-4659-B72F-50DB73E1F64E}
		{75785EBD-14DC-463A-AD50-ED046F39A5AC} = {A0717F4C-8EED-4659-B72F-50DB73E1F64E}
		{F18BA290-AFB9-4EEF-8281-30F3F32A0265} = {8DC77034-0F3C-40E6-A352-B157BCB85462}
		{99ED2062-8DD2-4969-972C-C9DC81EBF869} = {3244104A-4F62-488E-8DA9-B1FEB2E367E7}
		{90BA4A89-26AA-4E2D-86EF-F5CC2420EB61} = {3244104A-4F62-488E-8DA9-B1FEB2E367E7}
		{72198956-89B5-48F4-B209-A963504B5279} = {3244104A-4F62-488E-8DA9-B1FEB2E367E7}
	EndGlobalSection
	GlobalSection(ExtensibilityGlobals) = postSolution
		SolutionGuid = {602325FF-1BC0-4A57-8252-3F0471EA4151}
	EndGlobalSection
EndGlobal
